
Microsoft Visual Studio Solution File, Format Version 12.00
# Visual Studio 14
VisualStudioVersion = 14.0.25420.1
MinimumVisualStudioVersion = 10.0.40219.1
Project("{FAE04EC0-301F-11D3-BF4B-00C04F79EFBC}") = "WuQiang.Console", "WuQiang.Console\WuQiang.Console.csproj", "{7C316FFD-2EC9-4802-AF7C-822AFEB2FF65}"
EndProject
Project("{2150E333-8FDC-42A3-9474-1A3956D46DE8}") = "SOA", "SOA", "{FF86E657-F7A5-41FE-A107-1788C1EA364A}"
EndProject
Project("{2150E333-8FDC-42A3-9474-1A3956D46DE8}") = "WebSeviceDome", "WebSeviceDome", "{0B3243A1-7DE6-4C98-85CE-0EE561BBC455}"
EndProject
Project("{FAE04EC0-301F-11D3-BF4B-00C04F79EFBC}") = "WuQiang.WebSevice.Web", "WuQiang.WebSevice.Web\WuQiang.WebSevice.Web.csproj", "{47ECA1CD-4ACA-4724-8044-DF669BEEADBB}"
EndProject
Project("{FAE04EC0-301F-11D3-BF4B-00C04F79EFBC}") = "WuQiang.SOA.WebserviceTest", "WuQiang.SOA.WebserviceTest\WuQiang.SOA.WebserviceTest.csproj", "{132FB363-3B58-49AE-B594-31B7724BAC60}"
	ProjectSection(ProjectDependencies) = postProject
		{47ECA1CD-4ACA-4724-8044-DF669BEEADBB} = {47ECA1CD-4ACA-4724-8044-DF669BEEADBB}
	EndProjectSection
EndProject
Project("{2150E333-8FDC-42A3-9474-1A3956D46DE8}") = "WCF", "WCF", "{7D5923AD-34C9-4047-9927-90A5688457B0}"
EndProject
Project("{FAE04EC0-301F-11D3-BF4B-00C04F79EFBC}") = "WuQiang.WCF.Interface", "WuQiang.WCF.Interface\WuQiang.WCF.Interface.csproj", "{7FEA8342-2078-4F24-B121-B0F86DCB4461}"
EndProject
Project("{FAE04EC0-301F-11D3-BF4B-00C04F79EFBC}") = "WuQiang.WCF.Model", "WuQiang.WCF.Model\WuQiang.WCF.Model.csproj", "{227D51EB-22DE-4C4C-AFCF-5CC60963DA3B}"
EndProject
Project("{FAE04EC0-301F-11D3-BF4B-00C04F79EFBC}") = "WuQiang.WCF.MathService", "WuQiang.WCF.MathService\WuQiang.WCF.MathService.csproj", "{B8C8CB57-6768-470F-B092-051F7CF4AA58}"
EndProject
Project("{FAE04EC0-301F-11D3-BF4B-00C04F79EFBC}") = "WuQiang.WCF.Console", "WuQiang.WCF.Console\WuQiang.WCF.Console.csproj", "{F73C2F43-48FF-4F5B-9CB9-185BF3392F17}"
EndProject
Project("{FAE04EC0-301F-11D3-BF4B-00C04F79EFBC}") = "WuQiang.WCF.Test", "WuQiang.WCF.Test\WuQiang.WCF.Test.csproj", "{B8926B5B-C370-4B3D-80FB-C2CC51F6C162}"
EndProject
Project("{2150E333-8FDC-42A3-9474-1A3956D46DE8}") = "WebAPI", "WebAPI", "{87D7764F-8715-4E12-A508-C7CE419D09D3}"
EndProject
Project("{FAE04EC0-301F-11D3-BF4B-00C04F79EFBC}") = "WuQiang.WepApi.WebApp", "WuQiang.WepApi.WebApp\WuQiang.WepApi.WebApp.csproj", "{FD956F17-CF37-4131-9399-5C9E431E32D5}"
EndProject
Project("{2150E333-8FDC-42A3-9474-1A3956D46DE8}") = "DesignPatterns", "DesignPatterns", "{8DF7C306-BA18-4E14-8864-EA97C4E35732}"
EndProject
Project("{FAE04EC0-301F-11D3-BF4B-00C04F79EFBC}") = "WuQiang.ChainPattern", "WuQiang.ChainPattern\WuQiang.ChainPattern.csproj", "{3DD24CFD-EBC1-4BAD-B84E-BEC1511E2913}"
EndProject
Project("{2150E333-8FDC-42A3-9474-1A3956D46DE8}") = "AOP", "AOP", "{04D44195-B3AB-421D-B9AF-6292BCDE74FC}"
EndProject
Global
	GlobalSection(SolutionConfigurationPlatforms) = preSolution
		Debug|Any CPU = Debug|Any CPU
		Release|Any CPU = Release|Any CPU
	EndGlobalSection
	GlobalSection(ProjectConfigurationPlatforms) = postSolution
		{7C316FFD-2EC9-4802-AF7C-822AFEB2FF65}.Debug|Any CPU.ActiveCfg = Debug|Any CPU
		{7C316FFD-2EC9-4802-AF7C-822AFEB2FF65}.Debug|Any CPU.Build.0 = Debug|Any CPU
		{7C316FFD-2EC9-4802-AF7C-822AFEB2FF65}.Release|Any CPU.ActiveCfg = Release|Any CPU
		{7C316FFD-2EC9-4802-AF7C-822AFEB2FF65}.Release|Any CPU.Build.0 = Release|Any CPU
		{47ECA1CD-4ACA-4724-8044-DF669BEEADBB}.Debug|Any CPU.ActiveCfg = Debug|Any CPU
		{47ECA1CD-4ACA-4724-8044-DF669BEEADBB}.Debug|Any CPU.Build.0 = Debug|Any CPU
		{47ECA1CD-4ACA-4724-8044-DF669BEEADBB}.Release|Any CPU.ActiveCfg = Release|Any CPU
		{47ECA1CD-4ACA-4724-8044-DF669BEEADBB}.Release|Any CPU.Build.0 = Release|Any CPU
		{132FB363-3B58-49AE-B594-31B7724BAC60}.Debug|Any CPU.ActiveCfg = Debug|Any CPU
		{132FB363-3B58-49AE-B594-31B7724BAC60}.Debug|Any CPU.Build.0 = Debug|Any CPU
		{132FB363-3B58-49AE-B594-31B7724BAC60}.Release|Any CPU.ActiveCfg = Release|Any CPU
		{132FB363-3B58-49AE-B594-31B7724BAC60}.Release|Any CPU.Build.0 = Release|Any CPU
		{7FEA8342-2078-4F24-B121-B0F86DCB4461}.Debug|Any CPU.ActiveCfg = Debug|Any CPU
		{7FEA8342-2078-4F24-B121-B0F86DCB4461}.Debug|Any CPU.Build.0 = Debug|Any CPU
		{7FEA8342-2078-4F24-B121-B0F86DCB4461}.Release|Any CPU.ActiveCfg = Release|Any CPU
		{7FEA8342-2078-4F24-B121-B0F86DCB4461}.Release|Any CPU.Build.0 = Release|Any CPU
		{227D51EB-22DE-4C4C-AFCF-5CC60963DA3B}.Debug|Any CPU.ActiveCfg = Debug|Any CPU
		{227D51EB-22DE-4C4C-AFCF-5CC60963DA3B}.Debug|Any CPU.Build.0 = Debug|Any CPU
		{227D51EB-22DE-4C4C-AFCF-5CC60963DA3B}.Release|Any CPU.ActiveCfg = Release|Any CPU
		{227D51EB-22DE-4C4C-AFCF-5CC60963DA3B}.Release|Any CPU.Build.0 = Release|Any CPU
		{B8C8CB57-6768-470F-B092-051F7CF4AA58}.Debug|Any CPU.ActiveCfg = Debug|Any CPU
		{B8C8CB57-6768-470F-B092-051F7CF4AA58}.Debug|Any CPU.Build.0 = Debug|Any CPU
		{B8C8CB57-6768-470F-B092-051F7CF4AA58}.Release|Any CPU.ActiveCfg = Release|Any CPU
		{B8C8CB57-6768-470F-B092-051F7CF4AA58}.Release|Any CPU.Build.0 = Release|Any CPU
		{F73C2F43-48FF-4F5B-9CB9-185BF3392F17}.Debug|Any CPU.ActiveCfg = Debug|Any CPU
		{F73C2F43-48FF-4F5B-9CB9-185BF3392F17}.Debug|Any CPU.Build.0 = Debug|Any CPU
		{F73C2F43-48FF-4F5B-9CB9-185BF3392F17}.Release|Any CPU.ActiveCfg = Release|Any CPU
		{F73C2F43-48FF-4F5B-9CB9-185BF3392F17}.Release|Any CPU.Build.0 = Release|Any CPU
		{B8926B5B-C370-4B3D-80FB-C2CC51F6C162}.Debug|Any CPU.ActiveCfg = Debug|Any CPU
		{B8926B5B-C370-4B3D-80FB-C2CC51F6C162}.Debug|Any CPU.Build.0 = Debug|Any CPU
		{B8926B5B-C370-4B3D-80FB-C2CC51F6C162}.Release|Any CPU.ActiveCfg = Release|Any CPU
		{B8926B5B-C370-4B3D-80FB-C2CC51F6C162}.Release|Any CPU.Build.0 = Release|Any CPU
		{FD956F17-CF37-4131-9399-5C9E431E32D5}.Debug|Any CPU.ActiveCfg = Debug|Any CPU
		{FD956F17-CF37-4131-9399-5C9E431E32D5}.Debug|Any CPU.Build.0 = Debug|Any CPU
		{FD956F17-CF37-4131-9399-5C9E431E32D5}.Release|Any CPU.ActiveCfg = Release|Any CPU
		{FD956F17-CF37-4131-9399-5C9E431E32D5}.Release|Any CPU.Build.0 = Release|Any CPU
		{3DD24CFD-EBC1-4BAD-B84E-BEC1511E2913}.Debug|Any CPU.ActiveCfg = Debug|Any CPU
		{3DD24CFD-EBC1-4BAD-B84E-BEC1511E2913}.Debug|Any CPU.Build.0 = Debug|Any CPU
		{3DD24CFD-EBC1-4BAD-B84E-BEC1511E2913}.Release|Any CPU.ActiveCfg = Release|Any CPU
		{3DD24CFD-EBC1-4BAD-B84E-BEC1511E2913}.Release|Any CPU.Build.0 = Release|Any CPU
	EndGlobalSection
	GlobalSection(SolutionProperties) = preSolution
		HideSolutionNode = FALSE
	EndGlobalSection
	GlobalSection(NestedProjects) = preSolution
		{0B3243A1-7DE6-4C98-85CE-0EE561BBC455} = {FF86E657-F7A5-41FE-A107-1788C1EA364A}
		{47ECA1CD-4ACA-4724-8044-DF669BEEADBB} = {0B3243A1-7DE6-4C98-85CE-0EE561BBC455}
		{132FB363-3B58-49AE-B594-31B7724BAC60} = {0B3243A1-7DE6-4C98-85CE-0EE561BBC455}
		{7D5923AD-34C9-4047-9927-90A5688457B0} = {FF86E657-F7A5-41FE-A107-1788C1EA364A}
		{7FEA8342-2078-4F24-B121-B0F86DCB4461} = {7D5923AD-34C9-4047-9927-90A5688457B0}
		{227D51EB-22DE-4C4C-AFCF-5CC60963DA3B} = {7D5923AD-34C9-4047-9927-90A5688457B0}
		{B8C8CB57-6768-470F-B092-051F7CF4AA58} = {7D5923AD-34C9-4047-9927-90A5688457B0}
		{F73C2F43-48FF-4F5B-9CB9-185BF3392F17} = {7D5923AD-34C9-4047-9927-90A5688457B0}
		{B8926B5B-C370-4B3D-80FB-C2CC51F6C162} = {7D5923AD-34C9-4047-9927-90A5688457B0}
		{87D7764F-8715-4E12-A508-C7CE419D09D3} = {FF86E657-F7A5-41FE-A107-1788C1EA364A}
		{FD956F17-CF37-4131-9399-5C9E431E32D5} = {87D7764F-8715-4E12-A508-C7CE419D09D3}
		{3DD24CFD-EBC1-4BAD-B84E-BEC1511E2913} = {8DF7C306-BA18-4E14-8864-EA97C4E35732}
	EndGlobalSection
EndGlobal
